// !$*UTF8*$!
{
	archiveVersion = 1;
	classes = {
	};
	objectVersion = 46;
	objects = {

/* Begin PBXBuildFile section */
		B0217F621C45CB610041FD51 /* AppDelegate.swift in Sources */ = {isa = PBXBuildFile; fileRef = B0217F611C45CB610041FD51 /* AppDelegate.swift */; };
		B0217F641C45CB610041FD51 /* ViewController.swift in Sources */ = {isa = PBXBuildFile; fileRef = B0217F631C45CB610041FD51 /* ViewController.swift */; };
		B0217F671C45CB610041FD51 /* Main.storyboard in Resources */ = {isa = PBXBuildFile; fileRef = B0217F651C45CB610041FD51 /* Main.storyboard */; };
		B0217F691C45CB610041FD51 /* Assets.xcassets in Resources */ = {isa = PBXBuildFile; fileRef = B0217F681C45CB610041FD51 /* Assets.xcassets */; };
		B0217F6C1C45CB610041FD51 /* LaunchScreen.storyboard in Resources */ = {isa = PBXBuildFile; fileRef = B0217F6A1C45CB610041FD51 /* LaunchScreen.storyboard */; };
		B0217F771C45CB610041FD51 /* LinkingsTests.swift in Sources */ = {isa = PBXBuildFile; fileRef = B0217F761C45CB610041FD51 /* LinkingsTests.swift */; };
		B0217F821C45CB610041FD51 /* LinkingsUITests.swift in Sources */ = {isa = PBXBuildFile; fileRef = B0217F811C45CB610041FD51 /* LinkingsUITests.swift */; };
/* End PBXBuildFile section */

/* Begin PBXContainerItemProxy section */
		B0217F731C45CB610041FD51 /* PBXContainerItemProxy */ = {
			isa = PBXContainerItemProxy;
			containerPortal = B0217F561C45CB610041FD51 /* Project object */;
			proxyType = 1;
			remoteGlobalIDString = B0217F5D1C45CB610041FD51;
			remoteInfo = Linkings;
		};
		B0217F7E1C45CB610041FD51 /* PBXContainerItemProxy */ = {
			isa = PBXContainerItemProxy;
			containerPortal = B0217F561C45CB610041FD51 /* Project object */;
			proxyType = 1;
			remoteGlobalIDString = B0217F5D1C45CB610041FD51;
			remoteInfo = Linkings;
		};
/* End PBXContainerItemProxy section */

/* Begin PBXFileReference section */
		B0217F5E1C45CB610041FD51 /* Linkings.app */ = {isa = PBXFileReference; explicitFileType = wrapper.application; includeInIndex = 0; path = Linkings.app; sourceTree = BUILT_PRODUCTS_DIR; };
		B0217F611C45CB610041FD51 /* AppDelegate.swift */ = {isa = PBXFileReference; lastKnownFileType = sourcecode.swift; path = AppDelegate.swift; sourceTree = "<group>"; };
		B0217F631C45CB610041FD51 /* ViewController.swift */ = {isa = PBXFileReference; lastKnownFileType = sourcecode.swift; path = ViewController.swift; sourceTree = "<group>"; };
		B0217F661C45CB610041FD51 /* Base */ = {isa = PBXFileReference; lastKnownFileType = file.storyboard; name = Base; path = Base.lproj/Main.storyboard; sourceTree = "<group>"; };
		B0217F681C45CB610041FD51 /* Assets.xcassets */ = {isa = PBXFileReference; lastKnownFileType = folder.assetcatalog; path = Assets.xcassets; sourceTree = "<group>"; };
		B0217F6B1C45CB610041FD51 /* Base */ = {isa = PBXFileReference; lastKnownFileType = file.storyboard; name = Base; path = Base.lproj/LaunchScreen.storyboard; sourceTree = "<group>"; };
		B0217F6D1C45CB610041FD51 /* Info.plist */ = {isa = PBXFileReference; lastKnownFileType = text.plist.xml; path = Info.plist; sourceTree = "<group>"; };
		B0217F721C45CB610041FD51 /* LinkingsTests.xctest */ = {isa = PBXFileReference; explicitFileType = wrapper.cfbundle; includeInIndex = 0; path = LinkingsTests.xctest; sourceTree = BUILT_PRODUCTS_DIR; };
		B0217F761C45CB610041FD51 /* LinkingsTests.swift */ = {isa = PBXFileReference; lastKnownFileType = sourcecode.swift; path = LinkingsTests.swift; sourceTree = "<group>"; };
		B0217F781C45CB610041FD51 /* Info.plist */ = {isa = PBXFileReference; lastKnownFileType = text.plist.xml; path = Info.plist; sourceTree = "<group>"; };
		B0217F7D1C45CB610041FD51 /* LinkingsUITests.xctest */ = {isa = PBXFileReference; explicitFileType = wrapper.cfbundle; includeInIndex = 0; path = LinkingsUITests.xctest; sourceTree = BUILT_PRODUCTS_DIR; };
		B0217F811C45CB610041FD51 /* LinkingsUITests.swift */ = {isa = PBXFileReference; lastKnownFileType = sourcecode.swift; path = LinkingsUITests.swift; sourceTree = "<group>"; };
		B0217F831C45CB610041FD51 /* Info.plist */ = {isa = PBXFileReference; lastKnownFileType = text.plist.xml; path = Info.plist; sourceTree = "<group>"; };
/* End PBXFileReference section */

/* Begin PBXFrameworksBuildPhase section */
		B0217F5B1C45CB610041FD51 /* Frameworks */ = {
			isa = PBXFrameworksBuildPhase;
			buildActionMask = 2147483647;
			files = (
			);
			runOnlyForDeploymentPostprocessing = 0;
		};
		B0217F6F1C45CB610041FD51 /* Frameworks */ = {
			isa = PBXFrameworksBuildPhase;
			buildActionMask = 2147483647;
			files = (
			);
			runOnlyForDeploymentPostprocessing = 0;
		};
		B0217F7A1C45CB610041FD51 /* Frameworks */ = {
			isa = PBXFrameworksBuildPhase;
			buildActionMask = 2147483647;
			files = (
			);
			runOnlyForDeploymentPostprocessing = 0;
		};
/* End PBXFrameworksBuildPhase section */

/* Begin PBXGroup section */
		B0217F551C45CB610041FD51 = {
			isa = PBXGroup;
			children = (
				B0217F601C45CB610041FD51 /* Linkings */,
				B0217F751C45CB610041FD51 /* LinkingsTests */,
				B0217F801C45CB610041FD51 /* LinkingsUITests */,
				B0217F5F1C45CB610041FD51 /* Products */,
			);
			sourceTree = "<group>";
		};
		B0217F5F1C45CB610041FD51 /* Products */ = {
			isa = PBXGroup;
			children = (
				B0217F5E1C45CB610041FD51 /* Linkings.app */,
				B0217F721C45CB610041FD51 /* LinkingsTests.xctest */,
				B0217F7D1C45CB610041FD51 /* LinkingsUITests.xctest */,
			);
			name = Products;
			sourceTree = "<group>";
		};
		B0217F601C45CB610041FD51 /* Linkings */ = {
			isa = PBXGroup;
			children = (
				B0217F611C45CB610041FD51 /* AppDelegate.swift */,
				B0217F631C45CB610041FD51 /* ViewController.swift */,
				B0217F651C45CB610041FD51 /* Main.storyboard */,
				B0217F681C45CB610041FD51 /* Assets.xcassets */,
				B0217F6A1C45CB610041FD51 /* LaunchScreen.storyboard */,
				B0217F6D1C45CB610041FD51 /* Info.plist */,
			);
			path = Linkings;
			sourceTree = "<group>";
		};
		B0217F751C45CB610041FD51 /* LinkingsTests */ = {
			isa = PBXGroup;
			children = (
				B0217F761C45CB610041FD51 /* LinkingsTests.swift */,
				B0217F781C45CB610041FD51 /* Info.plist */,
			);
			path = LinkingsTests;
			sourceTree = "<group>";
		};
		B0217F801C45CB610041FD51 /* LinkingsUITests */ = {
			isa = PBXGroup;
			children = (
				B0217F811C45CB610041FD51 /* LinkingsUITests.swift */,
				B0217F831C45CB610041FD51 /* Info.plist */,
			);
			path = LinkingsUITests;
			sourceTree = "<group>";
		};
/* End PBXGroup section */

/* Begin PBXNativeTarget section */
		B0217F5D1C45CB610041FD51 /* Linkings */ = {
			isa = PBXNativeTarget;
			buildConfigurationList = B0217F861C45CB610041FD51 /* Build configuration list for PBXNativeTarget "Linkings" */;
			buildPhases = (
				B0217F5A1C45CB610041FD51 /* Sources */,
				B0217F5B1C45CB610041FD51 /* Frameworks */,
				B0217F5C1C45CB610041FD51 /* Resources */,
			);
			buildRules = (
			);
			dependencies = (
			);
			name = Linkings;
			productName = Linkings;
			productReference = B0217F5E1C45CB610041FD51 /* Linkings.app */;
			productType = "com.apple.product-type.application";
		};
		B0217F711C45CB610041FD51 /* LinkingsTests */ = {
			isa = PBXNativeTarget;
			buildConfigurationList = B0217F891C45CB610041FD51 /* Build configuration list for PBXNativeTarget "LinkingsTests" */;
			buildPhases = (
				B0217F6E1C45CB610041FD51 /* Sources */,
				B0217F6F1C45CB610041FD51 /* Frameworks */,
				B0217F701C45CB610041FD51 /* Resources */,
			);
			buildRules = (
			);
			dependencies = (
				B0217F741C45CB610041FD51 /* PBXTargetDependency */,
			);
			name = LinkingsTests;
			productName = LinkingsTests;
			productReference = B0217F721C45CB610041FD51 /* LinkingsTests.xctest */;
			productType = "com.apple.product-type.bundle.unit-test";
		};
		B0217F7C1C45CB610041FD51 /* LinkingsUITests */ = {
			isa = PBXNativeTarget;
			buildConfigurationList = B0217F8C1C45CB610041FD51 /* Build configuration list for PBXNativeTarget "LinkingsUITests" */;
			buildPhases = (
				B0217F791C45CB610041FD51 /* Sources */,
				B0217F7A1C45CB610041FD51 /* Frameworks */,
				B0217F7B1C45CB610041FD51 /* Resources */,
			);
			buildRules = (
			);
			dependencies = (
				B0217F7F1C45CB610041FD51 /* PBXTargetDependency */,
			);
			name = LinkingsUITests;
			productName = LinkingsUITests;
			productReference = B0217F7D1C45CB610041FD51 /* LinkingsUITests.xctest */;
			productType = "com.apple.product-type.bundle.ui-testing";
		};
/* End PBXNativeTarget section */

/* Begin PBXProject section */
		B0217F561C45CB610041FD51 /* Project object */ = {
			isa = PBXProject;
			attributes = {
				LastSwiftUpdateCheck = 0720;
				LastUpgradeCheck = 0720;
				ORGANIZATIONNAME = "Volley Inc.";
				TargetAttributes = {
					B0217F5D1C45CB610041FD51 = {
						CreatedOnToolsVersion = 7.2;
					};
					B0217F711C45CB610041FD51 = {
						CreatedOnToolsVersion = 7.2;
						TestTargetID = B0217F5D1C45CB610041FD51;
					};
					B0217F7C1C45CB610041FD51 = {
						CreatedOnToolsVersion = 7.2;
						TestTargetID = B0217F5D1C45CB610041FD51;
					};
				};
			};
			buildConfigurationList = B0217F591C45CB610041FD51 /* Build configuration list for PBXProject "Linkings" */;
			compatibilityVersion = "Xcode 3.2";
			developmentRegion = English;
			hasScannedForEncodings = 0;
			knownRegions = (
				en,
				Base,
			);
			mainGroup = B0217F551C45CB610041FD51;
			productRefGroup = B0217F5F1C45CB610041FD51 /* Products */;
			projectDirPath = "";
			projectRoot = "";
			targets = (
				B0217F5D1C45CB610041FD51 /* Linkings */,
				B0217F711C45CB610041FD51 /* LinkingsTests */,
				B0217F7C1C45CB610041FD51 /* LinkingsUITests */,
			);
		};
/* End PBXProject section */

/* Begin PBXResourcesBuildPhase section */
		B0217F5C1C45CB610041FD51 /* Resources */ = {
			isa = PBXResourcesBuildPhase;
			buildActionMask = 2147483647;
			files = (
				B0217F6C1C45CB610041FD51 /* LaunchScreen.storyboard in Resources */,
				B0217F691C45CB610041FD51 /* Assets.xcassets in Resources */,
				B0217F671C45CB610041FD51 /* Main.storyboard in Resources */,
			);
			runOnlyForDeploymentPostprocessing = 0;
		};
		B0217F701C45CB610041FD51 /* Resources */ = {
			isa = PBXResourcesBuildPhase;
			buildActionMask = 2147483647;
			files = (
			);
			runOnlyForDeploymentPostprocessing = 0;
		};
		B0217F7B1C45CB610041FD51 /* Resources */ = {
			isa = PBXResourcesBuildPhase;
			buildActionMask = 2147483647;
			files = (
			);
			runOnlyForDeploymentPostprocessing = 0;
		};
/* End PBXResourcesBuildPhase section */

/* Begin PBXSourcesBuildPhase section */
		B0217F5A1C45CB610041FD51 /* Sources */ = {
			isa = PBXSourcesBuildPhase;
			buildActionMask = 2147483647;
			files = (
				B0217F641C45CB610041FD51 /* ViewController.swift in Sources */,
				B0217F621C45CB610041FD51 /* AppDelegate.swift in Sources */,
			);
			runOnlyForDeploymentPostprocessing = 0;
		};
		B0217F6E1C45CB610041FD51 /* Sources */ = {
			isa = PBXSourcesBuildPhase;
			buildActionMask = 2147483647;
			files = (
				B0217F771C45CB610041FD51 /* LinkingsTests.swift in Sources */,
			);
			runOnlyForDeploymentPostprocessing = 0;
		};
		B0217F791C45CB610041FD51 /* Sources */ = {
			isa = PBXSourcesBuildPhase;
			buildActionMask = 2147483647;
			files = (
				B0217F821C45CB610041FD51 /* LinkingsUITests.swift in Sources */,
			);
			runOnlyForDeploymentPostprocessing = 0;
		};
/* End PBXSourcesBuildPhase section */

/* Begin PBXTargetDependency section */
		B0217F741C45CB610041FD51 /* PBXTargetDependency */ = {
			isa = PBXTargetDependency;
			target = B0217F5D1C45CB610041FD51 /* Linkings */;
			targetProxy = B0217F731C45CB610041FD51 /* PBXContainerItemProxy */;
		};
		B0217F7F1C45CB610041FD51 /* PBXTargetDependency */ = {
			isa = PBXTargetDependency;
			target = B0217F5D1C45CB610041FD51 /* Linkings */;
			targetProxy = B0217F7E1C45CB610041FD51 /* PBXContainerItemProxy */;
		};
/* End PBXTargetDependency section */

/* Begin PBXVariantGroup section */
		B0217F651C45CB610041FD51 /* Main.storyboard */ = {
			isa = PBXVariantGroup;
			children = (
				B0217F661C45CB610041FD51 /* Base */,
			);
			name = Main.storyboard;
			sourceTree = "<group>";
		};
		B0217F6A1C45CB610041FD51 /* LaunchScreen.storyboard */ = {
			isa = PBXVariantGroup;
			children = (
				B0217F6B1C45CB610041FD51 /* Base */,
			);
			name = LaunchScreen.storyboard;
			sourceTree = "<group>";
		};
/* End PBXVariantGroup section */

/* Begin XCBuildConfiguration section */
		B0217F841C45CB610041FD51 /* Debug */ = {
			isa = XCBuildConfiguration;
			buildSettings = {
				ALWAYS_SEARCH_USER_PATHS = NO;
				CLANG_CXX_LANGUAGE_STANDARD = "gnu++0x";
				CLANG_CXX_LIBRARY = "libc++";
				CLANG_ENABLE_MODULES = YES;
				CLANG_ENABLE_OBJC_ARC = YES;
				CLANG_WARN_BOOL_CONVERSION = YES;
				CLANG_WARN_CONSTANT_CONVERSION = YES;
				CLANG_WARN_DIRECT_OBJC_ISA_USAGE = YES_ERROR;
				CLANG_WARN_EMPTY_BODY = YES;
				CLANG_WARN_ENUM_CONVERSION = YES;
				CLANG_WARN_INT_CONVERSION = YES;
				CLANG_WARN_OBJC_ROOT_CLASS = YES_ERROR;
				CLANG_WARN_UNREACHABLE_CODE = YES;
				CLANG_WARN__DUPLICATE_METHOD_MATCH = YES;
				"CODE_SIGN_IDENTITY[sdk=iphoneos*]" = "iPhone Developer";
				COPY_PHASE_STRIP = NO;
				DEBUG_INFORMATION_FORMAT = dwarf;
				ENABLE_STRICT_OBJC_MSGSEND = YES;
				ENABLE_TESTABILITY = YES;
				GCC_C_LANGUAGE_STANDARD = gnu99;
				GCC_DYNAMIC_NO_PIC = NO;
				GCC_NO_COMMON_BLOCKS = YES;
				GCC_OPTIMIZATION_LEVEL = 0;
				GCC_PREPROCESSOR_DEFINITIONS = (
					"DEBUG=1",
					"$(inherited)",
				);
				GCC_WARN_64_TO_32_BIT_CONVERSION = YES;
				GCC_WARN_ABOUT_RETURN_TYPE = YES_ERROR;
				GCC_WARN_UNDECLARED_SELECTOR = YES;
				GCC_WARN_UNINITIALIZED_AUTOS = YES_AGGRESSIVE;
				GCC_WARN_UNUSED_FUNCTION = YES;
				GCC_WARN_UNUSED_VARIABLE = YES;
				IPHONEOS_DEPLOYMENT_TARGET = 9.2;
				MTL_ENABLE_DEBUG_INFO = YES;
				ONLY_ACTIVE_ARCH = YES;
				SDKROOT = iphoneos;
				SWIFT_OPTIMIZATION_LEVEL = "-Onone";
			};
			name = Debug;
		};
		B0217F851C45CB610041FD51 /* Release */ = {
			isa = XCBuildConfiguration;
			buildSettings = {
				ALWAYS_SEARCH_USER_PATHS = NO;
				CLANG_CXX_LANGUAGE_STANDARD = "gnu++0x";
				CLANG_CXX_LIBRARY = "libc++";
				CLANG_ENABLE_MODULES = YES;
				CLANG_ENABLE_OBJC_ARC = YES;
				CLANG_WARN_BOOL_CONVERSION = YES;
				CLANG_WARN_CONSTANT_CONVERSION = YES;
				CLANG_WARN_DIRECT_OBJC_ISA_USAGE = YES_ERROR;
				CLANG_WARN_EMPTY_BODY = YES;
				CLANG_WARN_ENUM_CONVERSION = YES;
				CLANG_WARN_INT_CONVERSION = YES;
				CLANG_WARN_OBJC_ROOT_CLASS = YES_ERROR;
				CLANG_WARN_UNREACHABLE_CODE = YES;
				CLANG_WARN__DUPLICATE_METHOD_MATCH = YES;
				"CODE_SIGN_IDENTITY[sdk=iphoneos*]" = "iPhone Developer";
				COPY_PHASE_STRIP = NO;
				DEBUG_INFORMATION_FORMAT = "dwarf-with-dsym";
				ENABLE_NS_ASSERTIONS = NO;
				ENABLE_STRICT_OBJC_MSGSEND = YES;
				GCC_C_LANGUAGE_STANDARD = gnu99;
				GCC_NO_COMMON_BLOCKS = YES;
				GCC_WARN_64_TO_32_BIT_CONVERSION = YES;
				GCC_WARN_ABOUT_RETURN_TYPE = YES_ERROR;
				GCC_WARN_UNDECLARED_SELECTOR = YES;
				GCC_WARN_UNINITIALIZED_AUTOS = YES_AGGRESSIVE;
				GCC_WARN_UNUSED_FUNCTION = YES;
				GCC_WARN_UNUSED_VARIABLE = YES;
				IPHONEOS_DEPLOYMENT_TARGET = 9.2;
				MTL_ENABLE_DEBUG_INFO = NO;
				SDKROOT = iphoneos;
				VALIDATE_PRODUCT = YES;
			};
			name = Release;
		};
		B0217F871C45CB610041FD51 /* Debug */ = {
			isa = XCBuildConfiguration;
			buildSettings = {
				ASSETCATALOG_COMPILER_APPICON_NAME = AppIcon;
				INFOPLIST_FILE = Linkings/Info.plist;
				LD_RUNPATH_SEARCH_PATHS = "$(inherited) @executable_path/Frameworks";
				PRODUCT_BUNDLE_IDENTIFIER = Volley.Linkings;
				PRODUCT_NAME = "$(TARGET_NAME)";
			};
			name = Debug;
		};
		B0217F881C45CB610041FD51 /* Release */ = {
			isa = XCBuildConfiguration;
			buildSettings = {
				ASSETCATALOG_COMPILER_APPICON_NAME = AppIcon;
				INFOPLIST_FILE = Linkings/Info.plist;
				LD_RUNPATH_SEARCH_PATHS = "$(inherited) @executable_path/Frameworks";
				PRODUCT_BUNDLE_IDENTIFIER = Volley.Linkings;
				PRODUCT_NAME = "$(TARGET_NAME)";
			};
			name = Release;
		};
		B0217F8A1C45CB610041FD51 /* Debug */ = {
			isa = XCBuildConfiguration;
			buildSettings = {
				BUNDLE_LOADER = "$(TEST_HOST)";
				INFOPLIST_FILE = LinkingsTests/Info.plist;
				LD_RUNPATH_SEARCH_PATHS = "$(inherited) @executable_path/Frameworks @loader_path/Frameworks";
				PRODUCT_BUNDLE_IDENTIFIER = Volley.LinkingsTests;
				PRODUCT_NAME = "$(TARGET_NAME)";
				TEST_HOST = "$(BUILT_PRODUCTS_DIR)/Linkings.app/Linkings";
			};
			name = Debug;
		};
		B0217F8B1C45CB610041FD51 /* Release */ = {
			isa = XCBuildConfiguration;
			buildSettings = {
				BUNDLE_LOADER = "$(TEST_HOST)";
				INFOPLIST_FILE = LinkingsTests/Info.plist;
				LD_RUNPATH_SEARCH_PATHS = "$(inherited) @executable_path/Frameworks @loader_path/Frameworks";
				PRODUCT_BUNDLE_IDENTIFIER = Volley.LinkingsTests;
				PRODUCT_NAME = "$(TARGET_NAME)";
				TEST_HOST = "$(BUILT_PRODUCTS_DIR)/Linkings.app/Linkings";
			};
			name = Release;
		};
		B0217F8D1C45CB610041FD51 /* Debug */ = {
			isa = XCBuildConfiguration;
			buildSettings = {
				INFOPLIST_FILE = LinkingsUITests/Info.plist;
				LD_RUNPATH_SEARCH_PATHS = "$(inherited) @executable_path/Frameworks @loader_path/Frameworks";
				PRODUCT_BUNDLE_IDENTIFIER = Volley.LinkingsUITests;
				PRODUCT_NAME = "$(TARGET_NAME)";
				TEST_TARGET_NAME = Linkings;
				USES_XCTRUNNER = YES;
			};
			name = Debug;
		};
		B0217F8E1C45CB610041FD51 /* Release */ = {
			isa = XCBuildConfiguration;
			buildSettings = {
				INFOPLIST_FILE = LinkingsUITests/Info.plist;
				LD_RUNPATH_SEARCH_PATHS = "$(inherited) @executable_path/Frameworks @loader_path/Frameworks";
				PRODUCT_BUNDLE_IDENTIFIER = Volley.LinkingsUITests;
				PRODUCT_NAME = "$(TARGET_NAME)";
				TEST_TARGET_NAME = Linkings;
				USES_XCTRUNNER = YES;
			};
			name = Release;
		};
/* End XCBuildConfiguration section */

/* Begin XCConfigurationList section */
		B0217F591C45CB610041FD51 /* Build configuration list for PBXProject "Linkings" */ = {
			isa = XCConfigurationList;
			buildConfigurations = (
				B0217F841C45CB610041FD51 /* Debug */,
				B0217F851C45CB610041FD51 /* Release */,
			);
			defaultConfigurationIsVisible = 0;
			defaultConfigurationName = Release;
		};
		B0217F861C45CB610041FD51 /* Build configuration list for PBXNativeTarget "Linkings" */ = {
			isa = XCConfigurationList;
			buildConfigurations = (
				B0217F871C45CB610041FD51 /* Debug */,
				B0217F881C45CB610041FD51 /* Release */,
			);
			defaultConfigurationIsVisible = 0;
		};
		B0217F891C45CB610041FD51 /* Build configuration list for PBXNativeTarget "LinkingsTests" */ = {
			isa = XCConfigurationList;
			buildConfigurations = (
				B0217F8A1C45CB610041FD51 /* Debug */,
				B0217F8B1C45CB610041FD51 /* Release */,
			);
			defaultConfigurationIsVisible = 0;
		};
		B0217F8C1C45CB610041FD51 /* Build configuration list for PBXNativeTarget "LinkingsUITests" */ = {
			isa = XCConfigurationList;
			buildConfigurations = (
				B0217F8D1C45CB610041FD51 /* Debug */,
				B0217F8E1C45CB610041FD51 /* Release */,
			);
			defaultConfigurationIsVisible = 0;
		};
/* End XCConfigurationList section */
	};
	rootObject = B0217F561C45CB610041FD51 /* Project object */;
}
